
Microsoft Visual Studio Solution File, Format Version 12.00
# Visual Studio Version 16
VisualStudioVersion = 16.0.29319.158
MinimumVisualStudioVersion = 10.0.40219.1
Project("{9A19103F-16F7-4668-BE54-9A1E7A4F7556}") = "Tutorial.Client", "Tutorial.Client\Tutorial.Client.csproj", "{FCBE8636-7497-4E5A-8F30-D9BBFE49ECDD}"
EndProject
Global
	GlobalSection(SolutionConfigurationPlatforms) = preSolution
		Debug|Any CPU = Debug|Any CPU
		Release|Any CPU = Release|Any CPU
	EndGlobalSection
	GlobalSection(ProjectConfigurationPlatforms) = postSolution
		{FCBE8636-7497-4E5A-8F30-D9BBFE49ECDD}.Debug|Any CPU.ActiveCfg = Debug|Any CPU
		{FCBE8636-7497-4E5A-8F30-D9BBFE49ECDD}.Debug|Any CPU.Build.0 = Debug|Any CPU
		{FCBE8636-7497-4E5A-8F30-D9BBFE49ECDD}.Release|Any CPU.ActiveCfg = Release|Any CPU
		{FCBE8636-7497-4E5A-8F30-D9BBFE49ECDD}.Release|Any CPU.Build.0 = Release|Any CPU
	EndGlobalSection
	GlobalSection(SolutionProperties) = preSolution
		HideSolutionNode = FALSE
	EndGlobalSection
	GlobalSection(ExtensibilityGlobals) = postSolution
		SolutionGuid = {F2F4AD8C-A71A-4C19-A3EC-B310D7760743}
	EndGlobalSection
EndGlobal
